
Microsoft Visual Studio Solution File, Format Version 12.00
# Visual Studio Version 17
VisualStudioVersion = 17.9.34902.65
MinimumVisualStudioVersion = 10.0.40219.1
Project("{FAE04EC0-301F-11D3-BF4B-00C04F79EFBC}") = "Unisex Bathroom", "Unisex Bathroom\Unisex Bathroom.csproj", "{FB6373B9-6932-4EFA-B317-806928D45635}"
EndProject
Global
	GlobalSection(SolutionConfigurationPlatforms) = preSolution
		Debug|Any CPU = Debug|Any CPU
		Release|Any CPU = Release|Any CPU
	EndGlobalSection
	GlobalSection(ProjectConfigurationPlatforms) = postSolution
		{FB6373B9-6932-4EFA-B317-806928D45635}.Debug|Any CPU.ActiveCfg = Debug|Any CPU
		{FB6373B9-6932-4EFA-B317-806928D45635}.Debug|Any CPU.Build.0 = Debug|Any CPU
		{FB6373B9-6932-4EFA-B317-806928D45635}.Release|Any CPU.ActiveCfg = Release|Any CPU
		{FB6373B9-6932-4EFA-B317-806928D45635}.Release|Any CPU.Build.0 = Release|Any CPU
	EndGlobalSection
	GlobalSection(SolutionProperties) = preSolution
		HideSolutionNode = FALSE
	EndGlobalSection
	GlobalSection(ExtensibilityGlobals) = postSolution
		SolutionGuid = {6AC8A482-C963-422E-ACD7-9A034F7A31E7}
	EndGlobalSection
EndGlobal
